
Microsoft Visual Studio Solution File, Format Version 12.00
# Visual Studio Version 16
VisualStudioVersion = 16.0.30114.105
MinimumVisualStudioVersion = 10.0.40219.1
Project("{FAE04EC0-301F-11D3-BF4B-00C04F79EFBC}") = "Aula9_AppHotel.UWP", "Aula9_AppHotel\Aula9_AppHotel.UWP\Aula9_AppHotel.UWP.csproj", "{51872EF5-6F69-405D-8CFE-749844F260C6}"
EndProject
Project("{FAE04EC0-301F-11D3-BF4B-00C04F79EFBC}") = "Aula9_AppHotel.Android", "Aula9_AppHotel\Aula9_AppHotel.Android\Aula9_AppHotel.Android.csproj", "{C37B0C07-7372-4156-925E-C6D8A40E77D4}"
EndProject
Project("{FAE04EC0-301F-11D3-BF4B-00C04F79EFBC}") = "Aula9_AppHotel.iOS", "Aula9_AppHotel\Aula9_AppHotel.iOS\Aula9_AppHotel.iOS.csproj", "{5D83D445-AA5C-460F-91C3-F6884757B4C5}"
EndProject
Project("{FAE04EC0-301F-11D3-BF4B-00C04F79EFBC}") = "Aula9_AppHotel", "Aula9_AppHotel\Aula9_AppHotel\Aula9_AppHotel.csproj", "{8FA1E627-1430-4EF9-957B-68B58FFFDB93}"
EndProject
Global
	GlobalSection(SolutionConfigurationPlatforms) = preSolution
		Debug|Any CPU = Debug|Any CPU
		Debug|ARM = Debug|ARM
		Debug|iPhone = Debug|iPhone
		Debug|iPhoneSimulator = Debug|iPhoneSimulator
		Debug|x64 = Debug|x64
		Debug|x86 = Debug|x86
		Release|Any CPU = Release|Any CPU
		Release|ARM = Release|ARM
		Release|iPhone = Release|iPhone
		Release|iPhoneSimulator = Release|iPhoneSimulator
		Release|x64 = Release|x64
		Release|x86 = Release|x86
	EndGlobalSection
	GlobalSection(ProjectConfigurationPlatforms) = postSolution
		{51872EF5-6F69-405D-8CFE-749844F260C6}.Debug|Any CPU.ActiveCfg = Debug|x86
		{51872EF5-6F69-405D-8CFE-749844F260C6}.Debug|Any CPU.Build.0 = Debug|x86
		{51872EF5-6F69-405D-8CFE-749844F260C6}.Debug|Any CPU.Deploy.0 = Debug|x86
		{51872EF5-6F69-405D-8CFE-749844F260C6}.Debug|ARM.ActiveCfg = Debug|ARM
		{51872EF5-6F69-405D-8CFE-749844F260C6}.Debug|ARM.Build.0 = Debug|ARM
		{51872EF5-6F69-405D-8CFE-749844F260C6}.Debug|ARM.Deploy.0 = Debug|ARM
		{51872EF5-6F69-405D-8CFE-749844F260C6}.Debug|iPhone.ActiveCfg = Debug|x86
		{51872EF5-6F69-405D-8CFE-749844F260C6}.Debug|iPhone.Build.0 = Debug|x86
		{51872EF5-6F69-405D-8CFE-749844F260C6}.Debug|iPhone.Deploy.0 = Debug|x86
		{51872EF5-6F69-405D-8CFE-749844F260C6}.Debug|iPhoneSimulator.ActiveCfg = Debug|x86
		{51872EF5-6F69-405D-8CFE-749844F260C6}.Debug|iPhoneSimulator.Build.0 = Debug|x86
		{51872EF5-6F69-405D-8CFE-749844F260C6}.Debug|iPhoneSimulator.Deploy.0 = Debug|x86
		{51872EF5-6F69-405D-8CFE-749844F260C6}.Debug|x64.ActiveCfg = Debug|x64
		{51872EF5-6F69-405D-8CFE-749844F260C6}.Debug|x64.Build.0 = Debug|x64
		{51872EF5-6F69-405D-8CFE-749844F260C6}.Debug|x64.Deploy.0 = Debug|x64
		{51872EF5-6F69-405D-8CFE-749844F260C6}.Debug|x86.ActiveCfg = Debug|x86
		{51872EF5-6F69-405D-8CFE-749844F260C6}.Debug|x86.Build.0 = Debug|x86
		{51872EF5-6F69-405D-8CFE-749844F260C6}.Debug|x86.Deploy.0 = Debug|x86
		{51872EF5-6F69-405D-8CFE-749844F260C6}.Release|Any CPU.ActiveCfg = Release|x86
		{51872EF5-6F69-405D-8CFE-749844F260C6}.Release|Any CPU.Build.0 = Release|x86
		{51872EF5-6F69-405D-8CFE-749844F260C6}.Release|Any CPU.Deploy.0 = Release|x86
		{51872EF5-6F69-405D-8CFE-749844F260C6}.Release|ARM.ActiveCfg = Release|ARM
		{51872EF5-6F69-405D-8CFE-749844F260C6}.Release|ARM.Build.0 = Release|ARM
		{51872EF5-6F69-405D-8CFE-749844F260C6}.Release|ARM.Deploy.0 = Release|ARM
		{51872EF5-6F69-405D-8CFE-749844F260C6}.Release|iPhone.ActiveCfg = Release|x86
		{51872EF5-6F69-405D-8CFE-749844F260C6}.Release|iPhone.Build.0 = Release|x86
		{51872EF5-6F69-405D-8CFE-749844F260C6}.Release|iPhone.Deploy.0 = Release|x86
		{51872EF5-6F69-405D-8CFE-749844F260C6}.Release|iPhoneSimulator.ActiveCfg = Release|x86
		{51872EF5-6F69-405D-8CFE-749844F260C6}.Release|iPhoneSimulator.Build.0 = Release|x86
		{51872EF5-6F69-405D-8CFE-749844F260C6}.Release|iPhoneSimulator.Deploy.0 = Release|x86
		{51872EF5-6F69-405D-8CFE-749844F260C6}.Release|x64.ActiveCfg = Release|x64
		{51872EF5-6F69-405D-8CFE-749844F260C6}.Release|x64.Build.0 = Release|x64
		{51872EF5-6F69-405D-8CFE-749844F260C6}.Release|x64.Deploy.0 = Release|x64
		{51872EF5-6F69-405D-8CFE-749844F260C6}.Release|x86.ActiveCfg = Release|x86
		{51872EF5-6F69-405D-8CFE-749844F260C6}.Release|x86.Build.0 = Release|x86
		{51872EF5-6F69-405D-8CFE-749844F260C6}.Release|x86.Deploy.0 = Release|x86
		{C37B0C07-7372-4156-925E-C6D8A40E77D4}.Debug|Any CPU.ActiveCfg = Debug|Any CPU
		{C37B0C07-7372-4156-925E-C6D8A40E77D4}.Debug|Any CPU.Build.0 = Debug|Any CPU
		{C37B0C07-7372-4156-925E-C6D8A40E77D4}.Debug|Any CPU.Deploy.0 = Debug|Any CPU
		{C37B0C07-7372-4156-925E-C6D8A40E77D4}.Debug|ARM.ActiveCfg = Debug|Any CPU
		{C37B0C07-7372-4156-925E-C6D8A40E77D4}.Debug|ARM.Build.0 = Debug|Any CPU
		{C37B0C07-7372-4156-925E-C6D8A40E77D4}.Debug|ARM.Deploy.0 = Debug|Any CPU
		{C37B0C07-7372-4156-925E-C6D8A40E77D4}.Debug|iPhone.ActiveCfg = Debug|Any CPU
		{C37B0C07-7372-4156-925E-C6D8A40E77D4}.Debug|iPhone.Build.0 = Debug|Any CPU
		{C37B0C07-7372-4156-925E-C6D8A40E77D4}.Debug|iPhone.Deploy.0 = Debug|Any CPU
		{C37B0C07-7372-4156-925E-C6D8A40E77D4}.Debug|iPhoneSimulator.ActiveCfg = Debug|Any CPU
		{C37B0C07-7372-4156-925E-C6D8A40E77D4}.Debug|iPhoneSimulator.Build.0 = Debug|Any CPU
		{C37B0C07-7372-4156-925E-C6D8A40E77D4}.Debug|iPhoneSimulator.Deploy.0 = Debug|Any CPU
		{C37B0C07-7372-4156-925E-C6D8A40E77D4}.Debug|x64.ActiveCfg = Debug|Any CPU
		{C37B0C07-7372-4156-925E-C6D8A40E77D4}.Debug|x64.Build.0 = Debug|Any CPU
		{C37B0C07-7372-4156-925E-C6D8A40E77D4}.Debug|x64.Deploy.0 = Debug|Any CPU
		{C37B0C07-7372-4156-925E-C6D8A40E77D4}.Debug|x86.ActiveCfg = Debug|Any CPU
		{C37B0C07-7372-4156-925E-C6D8A40E77D4}.Debug|x86.Build.0 = Debug|Any CPU
		{C37B0C07-7372-4156-925E-C6D8A40E77D4}.Debug|x86.Deploy.0 = Debug|Any CPU
		{C37B0C07-7372-4156-925E-C6D8A40E77D4}.Release|Any CPU.ActiveCfg = Release|Any CPU
		{C37B0C07-7372-4156-925E-C6D8A40E77D4}.Release|Any CPU.Build.0 = Release|Any CPU
		{C37B0C07-7372-4156-925E-C6D8A40E77D4}.Release|Any CPU.Deploy.0 = Release|Any CPU
		{C37B0C07-7372-4156-925E-C6D8A40E77D4}.Release|ARM.ActiveCfg = Release|Any CPU
		{C37B0C07-7372-4156-925E-C6D8A40E77D4}.Release|ARM.Build.0 = Release|Any CPU
		{C37B0C07-7372-4156-925E-C6D8A40E77D4}.Release|ARM.Deploy.0 = Release|Any CPU
		{C37B0C07-7372-4156-925E-C6D8A40E77D4}.Release|iPhone.ActiveCfg = Release|Any CPU
		{C37B0C07-7372-4156-925E-C6D8A40E77D4}.Release|iPhone.Build.0 = Release|Any CPU
		{C37B0C07-7372-4156-925E-C6D8A40E77D4}.Release|iPhone.Deploy.0 = Release|Any CPU
		{C37B0C07-7372-4156-925E-C6D8A40E77D4}.Release|iPhoneSimulator.ActiveCfg = Release|Any CPU
		{C37B0C07-7372-4156-925E-C6D8A40E77D4}.Release|iPhoneSimulator.Build.0 = Release|Any CPU
		{C37B0C07-7372-4156-925E-C6D8A40E77D4}.Release|iPhoneSimulator.Deploy.0 = Release|Any CPU
		{C37B0C07-7372-4156-925E-C6D8A40E77D4}.Release|x64.ActiveCfg = Release|Any CPU
		{C37B0C07-7372-4156-925E-C6D8A40E77D4}.Release|x64.Build.0 = Release|Any CPU
		{C37B0C07-7372-4156-925E-C6D8A40E77D4}.Release|x64.Deploy.0 = Release|Any CPU
		{C37B0C07-7372-4156-925E-C6D8A40E77D4}.Release|x86.ActiveCfg = Release|Any CPU
		{C37B0C07-7372-4156-925E-C6D8A40E77D4}.Release|x86.Build.0 = Release|Any CPU
		{C37B0C07-7372-4156-925E-C6D8A40E77D4}.Release|x86.Deploy.0 = Release|Any CPU
		{5D83D445-AA5C-460F-91C3-F6884757B4C5}.Debug|Any CPU.ActiveCfg = Debug|iPhone
		{5D83D445-AA5C-460F-91C3-F6884757B4C5}.Debug|Any CPU.Build.0 = Debug|iPhone
		{5D83D445-AA5C-460F-91C3-F6884757B4C5}.Debug|Any CPU.Deploy.0 = Debug|iPhone
		{5D83D445-AA5C-460F-91C3-F6884757B4C5}.Debug|ARM.ActiveCfg = Debug|iPhone
		{5D83D445-AA5C-460F-91C3-F6884757B4C5}.Debug|ARM.Build.0 = Debug|iPhone
		{5D83D445-AA5C-460F-91C3-F6884757B4C5}.Debug|ARM.Deploy.0 = Debug|iPhone
		{5D83D445-AA5C-460F-91C3-F6884757B4C5}.Debug|iPhone.ActiveCfg = Debug|iPhone
		{5D83D445-AA5C-460F-91C3-F6884757B4C5}.Debug|iPhone.Build.0 = Debug|iPhone
		{5D83D445-AA5C-460F-91C3-F6884757B4C5}.Debug|iPhone.Deploy.0 = Debug|iPhone
		{5D83D445-AA5C-460F-91C3-F6884757B4C5}.Debug|iPhoneSimulator.ActiveCfg = Debug|iPhoneSimulator
		{5D83D445-AA5C-460F-91C3-F6884757B4C5}.Debug|iPhoneSimulator.Build.0 = Debug|iPhoneSimulator
		{5D83D445-AA5C-460F-91C3-F6884757B4C5}.Debug|iPhoneSimulator.Deploy.0 = Debug|iPhoneSimulator
		{5D83D445-AA5C-460F-91C3-F6884757B4C5}.Debug|x64.ActiveCfg = Debug|iPhone
		{5D83D445-AA5C-460F-91C3-F6884757B4C5}.Debug|x64.Build.0 = Debug|iPhone
		{5D83D445-AA5C-460F-91C3-F6884757B4C5}.Debug|x64.Deploy.0 = Debug|iPhone
		{5D83D445-AA5C-460F-91C3-F6884757B4C5}.Debug|x86.ActiveCfg = Debug|iPhone
		{5D83D445-AA5C-460F-91C3-F6884757B4C5}.Debug|x86.Build.0 = Debug|iPhone
		{5D83D445-AA5C-460F-91C3-F6884757B4C5}.Debug|x86.Deploy.0 = Debug|iPhone
		{5D83D445-AA5C-460F-91C3-F6884757B4C5}.Release|Any CPU.ActiveCfg = Release|iPhone
		{5D83D445-AA5C-460F-91C3-F6884757B4C5}.Release|Any CPU.Build.0 = Release|iPhone
		{5D83D445-AA5C-460F-91C3-F6884757B4C5}.Release|Any CPU.Deploy.0 = Release|iPhone
		{5D83D445-AA5C-460F-91C3-F6884757B4C5}.Release|ARM.ActiveCfg = Release|iPhone
		{5D83D445-AA5C-460F-91C3-F6884757B4C5}.Release|ARM.Build.0 = Release|iPhone
		{5D83D445-AA5C-460F-91C3-F6884757B4C5}.Release|ARM.Deploy.0 = Release|iPhone
		{5D83D445-AA5C-460F-91C3-F6884757B4C5}.Release|iPhone.ActiveCfg = Release|iPhone
		{5D83D445-AA5C-460F-91C3-F6884757B4C5}.Release|iPhone.Build.0 = Release|iPhone
		{5D83D445-AA5C-460F-91C3-F6884757B4C5}.Release|iPhone.Deploy.0 = Release|iPhone
		{5D83D445-AA5C-460F-91C3-F6884757B4C5}.Release|iPhoneSimulator.ActiveCfg = Release|iPhoneSimulator
		{5D83D445-AA5C-460F-91C3-F6884757B4C5}.Release|iPhoneSimulator.Build.0 = Release|iPhoneSimulator
		{5D83D445-AA5C-460F-91C3-F6884757B4C5}.Release|iPhoneSimulator.Deploy.0 = Release|iPhoneSimulator
		{5D83D445-AA5C-460F-91C3-F6884757B4C5}.Release|x64.ActiveCfg = Release|iPhone
		{5D83D445-AA5C-460F-91C3-F6884757B4C5}.Release|x64.Build.0 = Release|iPhone
		{5D83D445-AA5C-460F-91C3-F6884757B4C5}.Release|x64.Deploy.0 = Release|iPhone
		{5D83D445-AA5C-460F-91C3-F6884757B4C5}.Release|x86.ActiveCfg = Release|iPhone
		{5D83D445-AA5C-460F-91C3-F6884757B4C5}.Release|x86.Build.0 = Release|iPhone
		{5D83D445-AA5C-460F-91C3-F6884757B4C5}.Release|x86.Deploy.0 = Release|iPhone
		{8FA1E627-1430-4EF9-957B-68B58FFFDB93}.Debug|Any CPU.ActiveCfg = Debug|Any CPU
		{8FA1E627-1430-4EF9-957B-68B58FFFDB93}.Debug|Any CPU.Build.0 = Debug|Any CPU
		{8FA1E627-1430-4EF9-957B-68B58FFFDB93}.Debug|Any CPU.Deploy.0 = Debug|Any CPU
		{8FA1E627-1430-4EF9-957B-68B58FFFDB93}.Debug|ARM.ActiveCfg = Debug|Any CPU
		{8FA1E627-1430-4EF9-957B-68B58FFFDB93}.Debug|ARM.Build.0 = Debug|Any CPU
		{8FA1E627-1430-4EF9-957B-68B58FFFDB93}.Debug|ARM.Deploy.0 = Debug|Any CPU
		{8FA1E627-1430-4EF9-957B-68B58FFFDB93}.Debug|iPhone.ActiveCfg = Debug|Any CPU
		{8FA1E627-1430-4EF9-957B-68B58FFFDB93}.Debug|iPhone.Build.0 = Debug|Any CPU
		{8FA1E627-1430-4EF9-957B-68B58FFFDB93}.Debug|iPhone.Deploy.0 = Debug|Any CPU
		{8FA1E627-1430-4EF9-957B-68B58FFFDB93}.Debug|iPhoneSimulator.ActiveCfg = Debug|Any CPU
		{8FA1E627-1430-4EF9-957B-68B58FFFDB93}.Debug|iPhoneSimulator.Build.0 = Debug|Any CPU
		{8FA1E627-1430-4EF9-957B-68B58FFFDB93}.Debug|iPhoneSimulator.Deploy.0 = Debug|Any CPU
		{8FA1E627-1430-4EF9-957B-68B58FFFDB93}.Debug|x64.ActiveCfg = Debug|Any CPU
		{8FA1E627-1430-4EF9-957B-68B58FFFDB93}.Debug|x64.Build.0 = Debug|Any CPU
		{8FA1E627-1430-4EF9-957B-68B58FFFDB93}.Debug|x64.Deploy.0 = Debug|Any CPU
		{8FA1E627-1430-4EF9-957B-68B58FFFDB93}.Debug|x86.ActiveCfg = Debug|Any CPU
		{8FA1E627-1430-4EF9-957B-68B58FFFDB93}.Debug|x86.Build.0 = Debug|Any CPU
		{8FA1E627-1430-4EF9-957B-68B58FFFDB93}.Debug|x86.Deploy.0 = Debug|Any CPU
		{8FA1E627-1430-4EF9-957B-68B58FFFDB93}.Release|Any CPU.ActiveCfg = Release|Any CPU
		{8FA1E627-1430-4EF9-957B-68B58FFFDB93}.Release|Any CPU.Build.0 = Release|Any CPU
		{8FA1E627-1430-4EF9-957B-68B58FFFDB93}.Release|Any CPU.Deploy.0 = Release|Any CPU
		{8FA1E627-1430-4EF9-957B-68B58FFFDB93}.Release|ARM.ActiveCfg = Release|Any CPU
		{8FA1E627-1430-4EF9-957B-68B58FFFDB93}.Release|ARM.Build.0 = Release|Any CPU
		{8FA1E627-1430-4EF9-957B-68B58FFFDB93}.Release|ARM.Deploy.0 = Release|Any CPU
		{8FA1E627-1430-4EF9-957B-68B58FFFDB93}.Release|iPhone.ActiveCfg = Release|Any CPU
		{8FA1E627-1430-4EF9-957B-68B58FFFDB93}.Release|iPhone.Build.0 = Release|Any CPU
		{8FA1E627-1430-4EF9-957B-68B58FFFDB93}.Release|iPhone.Deploy.0 = Release|Any CPU
		{8FA1E627-1430-4EF9-957B-68B58FFFDB93}.Release|iPhoneSimulator.ActiveCfg = Release|Any CPU
		{8FA1E627-1430-4EF9-957B-68B58FFFDB93}.Release|iPhoneSimulator.Build.0 = Release|Any CPU
		{8FA1E627-1430-4EF9-957B-68B58FFFDB93}.Release|iPhoneSimulator.Deploy.0 = Release|Any CPU
		{8FA1E627-1430-4EF9-957B-68B58FFFDB93}.Release|x64.ActiveCfg = Release|Any CPU
		{8FA1E627-1430-4EF9-957B-68B58FFFDB93}.Release|x64.Build.0 = Release|Any CPU
		{8FA1E627-1430-4EF9-957B-68B58FFFDB93}.Release|x64.Deploy.0 = Release|Any CPU
		{8FA1E627-1430-4EF9-957B-68B58FFFDB93}.Release|x86.ActiveCfg = Release|Any CPU
		{8FA1E627-1430-4EF9-957B-68B58FFFDB93}.Release|x86.Build.0 = Release|Any CPU
		{8FA1E627-1430-4EF9-957B-68B58FFFDB93}.Release|x86.Deploy.0 = Release|Any CPU
	EndGlobalSection
	GlobalSection(SolutionProperties) = preSolution
		HideSolutionNode = FALSE
	EndGlobalSection
	GlobalSection(ExtensibilityGlobals) = postSolution
		SolutionGuid = {55041954-727B-4938-BDC1-1288AD015B41}
	EndGlobalSection
EndGlobal
